
Microsoft Visual Studio Solution File, Format Version 12.00
# Visual Studio Version 17
VisualStudioVersion = 17.1.32210.238
MinimumVisualStudioVersion = 10.0.40219.1
Project("{FAE04EC0-301F-11D3-BF4B-00C04F79EFBC}") = "DisasterRecovery", "DisasterRecovery\DisasterRecovery.csproj", "{1E28E6C9-0692-43BC-9D64-7F7B7B24E346}"
EndProject
Global
	GlobalSection(SolutionConfigurationPlatforms) = preSolution
		Debug|Any CPU = Debug|Any CPU
		Release|Any CPU = Release|Any CPU
	EndGlobalSection
	GlobalSection(ProjectConfigurationPlatforms) = postSolution
		{1E28E6C9-0692-43BC-9D64-7F7B7B24E346}.Debug|Any CPU.ActiveCfg = Debug|Any CPU
		{1E28E6C9-0692-43BC-9D64-7F7B7B24E346}.Debug|Any CPU.Build.0 = Debug|Any CPU
		{1E28E6C9-0692-43BC-9D64-7F7B7B24E346}.Release|Any CPU.ActiveCfg = Release|Any CPU
		{1E28E6C9-0692-43BC-9D64-7F7B7B24E346}.Release|Any CPU.Build.0 = Release|Any CPU
	EndGlobalSection
	GlobalSection(SolutionProperties) = preSolution
		HideSolutionNode = FALSE
	EndGlobalSection
	GlobalSection(ExtensibilityGlobals) = postSolution
		SolutionGuid = {EE7D675C-4672-4E0B-ACA7-34D0CEA13248}
	EndGlobalSection
EndGlobal
